
Microsoft Visual Studio Solution File, Format Version 12.00
# Visual Studio Version 17
VisualStudioVersion = 17.2.32616.157
MinimumVisualStudioVersion = 10.0.40219.1
Project("{FAE04EC0-301F-11D3-BF4B-00C04F79EFBC}") = "TP-Winforms-Argañaz.Romero", "TP-Winforms-Argañaz.Romero\TP-Winforms-Argañaz.Romero.csproj", "{8BEA98C2-E63A-46F4-8413-6D9C3DE008D1}"
EndProject
Global
	GlobalSection(SolutionConfigurationPlatforms) = preSolution
		Debug|Any CPU = Debug|Any CPU
		Release|Any CPU = Release|Any CPU
	EndGlobalSection
	GlobalSection(ProjectConfigurationPlatforms) = postSolution
		{8BEA98C2-E63A-46F4-8413-6D9C3DE008D1}.Debug|Any CPU.ActiveCfg = Debug|Any CPU
		{8BEA98C2-E63A-46F4-8413-6D9C3DE008D1}.Debug|Any CPU.Build.0 = Debug|Any CPU
		{8BEA98C2-E63A-46F4-8413-6D9C3DE008D1}.Release|Any CPU.ActiveCfg = Release|Any CPU
		{8BEA98C2-E63A-46F4-8413-6D9C3DE008D1}.Release|Any CPU.Build.0 = Release|Any CPU
	EndGlobalSection
	GlobalSection(SolutionProperties) = preSolution
		HideSolutionNode = FALSE
	EndGlobalSection
	GlobalSection(ExtensibilityGlobals) = postSolution
		SolutionGuid = {B7B97B0F-B72F-405C-9B9E-6035E8AA0BC0}
	EndGlobalSection
EndGlobal
